
Microsoft Visual Studio Solution File, Format Version 12.00
# Visual Studio Version 17
VisualStudioVersion = 17.9.34714.143
MinimumVisualStudioVersion = 10.0.40219.1
Project("{FAE04EC0-301F-11D3-BF4B-00C04F79EFBC}") = "RapidMono", "RapidMono.csproj", "{99AFD52B-B0D5-41CE-985E-25CAAA08ECEC}"
EndProject
Project("{2150E333-8FDC-42A3-9474-1A3956D46DE8}") = "Examples", "Examples", "{0846FF25-D8E1-4DA1-AD2D-B08BA7F38370}"
EndProject
Project("{FAE04EC0-301F-11D3-BF4B-00C04F79EFBC}") = "RapidMonoDesktop", "..\RapidMonoDesktop\RapidMonoDesktop.csproj", "{33B4B124-F456-40AB-9D3B-FD4904E51A62}"
EndProject
Global
	GlobalSection(SolutionConfigurationPlatforms) = preSolution
		Debug|Any CPU = Debug|Any CPU
		Release|Any CPU = Release|Any CPU
	EndGlobalSection
	GlobalSection(ProjectConfigurationPlatforms) = postSolution
		{99AFD52B-B0D5-41CE-985E-25CAAA08ECEC}.Debug|Any CPU.ActiveCfg = Debug|Any CPU
		{99AFD52B-B0D5-41CE-985E-25CAAA08ECEC}.Debug|Any CPU.Build.0 = Debug|Any CPU
		{99AFD52B-B0D5-41CE-985E-25CAAA08ECEC}.Release|Any CPU.ActiveCfg = Release|Any CPU
		{99AFD52B-B0D5-41CE-985E-25CAAA08ECEC}.Release|Any CPU.Build.0 = Release|Any CPU
		{33B4B124-F456-40AB-9D3B-FD4904E51A62}.Debug|Any CPU.ActiveCfg = Debug|Any CPU
		{33B4B124-F456-40AB-9D3B-FD4904E51A62}.Debug|Any CPU.Build.0 = Debug|Any CPU
		{33B4B124-F456-40AB-9D3B-FD4904E51A62}.Release|Any CPU.ActiveCfg = Release|Any CPU
		{33B4B124-F456-40AB-9D3B-FD4904E51A62}.Release|Any CPU.Build.0 = Release|Any CPU
	EndGlobalSection
	GlobalSection(SolutionProperties) = preSolution
		HideSolutionNode = FALSE
	EndGlobalSection
	GlobalSection(NestedProjects) = preSolution
		{33B4B124-F456-40AB-9D3B-FD4904E51A62} = {0846FF25-D8E1-4DA1-AD2D-B08BA7F38370}
	EndGlobalSection
	GlobalSection(ExtensibilityGlobals) = postSolution
		SolutionGuid = {DF8D4297-123D-48BD-93B8-8C02937ABE09}
	EndGlobalSection
EndGlobal
